
Microsoft Visual Studio Solution File, Format Version 12.00
# Visual Studio Version 16
VisualStudioVersion = 16.0.30907.101
MinimumVisualStudioVersion = 10.0.40219.1
Project("{FAE04EC0-301F-11D3-BF4B-00C04F79EFBC}") = "Plurarsight.API", "Plurarsight.API\Plurarsight.API.csproj", "{1469F256-D179-4F32-882F-9360802D0387}"
EndProject
Global
	GlobalSection(SolutionConfigurationPlatforms) = preSolution
		Debug|Any CPU = Debug|Any CPU
		Release|Any CPU = Release|Any CPU
	EndGlobalSection
	GlobalSection(ProjectConfigurationPlatforms) = postSolution
		{1469F256-D179-4F32-882F-9360802D0387}.Debug|Any CPU.ActiveCfg = Debug|Any CPU
		{1469F256-D179-4F32-882F-9360802D0387}.Debug|Any CPU.Build.0 = Debug|Any CPU
		{1469F256-D179-4F32-882F-9360802D0387}.Release|Any CPU.ActiveCfg = Release|Any CPU
		{1469F256-D179-4F32-882F-9360802D0387}.Release|Any CPU.Build.0 = Release|Any CPU
	EndGlobalSection
	GlobalSection(SolutionProperties) = preSolution
		HideSolutionNode = FALSE
	EndGlobalSection
	GlobalSection(ExtensibilityGlobals) = postSolution
		SolutionGuid = {AD5705C5-B35D-4BFE-8D63-D2487E4F88D9}
	EndGlobalSection
EndGlobal
